{
  "version": 4,
  "terraform_version": "1.8.5",
  "serial": 33,
  "lineage": "7ec78c53-672a-4579-a029-3bc971590f6f",
  "outputs": {},
  "resources": [
    {
      "mode": "managed",
      "type": "hcloud_network",
      "name": "private_network",
      "provider": "provider[\"registry.terraform.io/hetznercloud/hcloud\"]",
      "instances": [
        {
          "schema_version": 0,
          "attributes": {
            "delete_protection": false,
            "expose_routes_to_vswitch": false,
            "id": "4326116",
            "ip_range": "10.0.0.0/16",
            "labels": {},
            "name": "kubernetes-cluster"
          },
          "sensitive_attributes": [],
          "private": "bnVsbA=="
        }
      ]
    },
    {
      "mode": "managed",
      "type": "hcloud_network_subnet",
      "name": "private_network_subnet",
      "provider": "provider[\"registry.terraform.io/hetznercloud/hcloud\"]",
      "instances": [
        {
          "schema_version": 0,
          "attributes": {
            "gateway": "10.0.0.1",
            "id": "4326116-10.0.1.0/24",
            "ip_range": "10.0.1.0/24",
            "network_id": 4326116,
            "network_zone": "eu-central",
            "type": "cloud",
            "vswitch_id": null
          },
          "sensitive_attributes": [],
          "private": "bnVsbA==",
          "dependencies": [
            "hcloud_network.private_network"
          ]
        }
      ]
    },
    {
      "mode": "managed",
      "type": "hcloud_server",
      "name": "master-node",
      "provider": "provider[\"registry.terraform.io/hetznercloud/hcloud\"]",
      "instances": [
        {
          "schema_version": 0,
          "attributes": {
            "allow_deprecated_images": false,
            "backup_window": "",
            "backups": false,
            "datacenter": "fsn1-dc14",
            "delete_protection": false,
            "firewall_ids": [],
            "id": "48683380",
            "ignore_remote_firewall_ids": false,
            "image": "ubuntu-24.04",
            "ipv4_address": "116.202.23.234",
            "ipv6_address": "2a01:4f8:c010:8d92::1",
            "ipv6_network": "2a01:4f8:c010:8d92::/64",
            "iso": null,
            "keep_disk": false,
            "labels": {},
            "location": "fsn1",
            "name": "master-node",
            "network": [
              {
                "alias_ips": [],
                "ip": "10.0.1.1",
                "mac_address": "86:00:00:90:43:d7",
                "network_id": 4326116
              }
            ],
            "placement_group_id": 0,
            "primary_disk_size": 20,
            "public_net": [
              {
                "ipv4": 0,
                "ipv4_enabled": true,
                "ipv6": 0,
                "ipv6_enabled": true
              }
            ],
            "rebuild_protection": false,
            "rescue": null,
            "server_type": "cx11",
            "shutdown_before_deletion": false,
            "ssh_keys": null,
            "status": "running",
            "timeouts": null,
            "user_data": "S02PXAEGzw1h04llXZ7tJlL3ijM="
          },
          "sensitive_attributes": [],
          "private": "eyJlMmJmYjczMC1lY2FhLTExZTYtOGY4OC0zNDM2M2JjN2M0YzAiOnsiY3JlYXRlIjo1NDAwMDAwMDAwMDAwfX0=",
          "dependencies": [
            "hcloud_network.private_network",
            "hcloud_network_subnet.private_network_subnet"
          ]
        }
      ]
    },
    {
      "mode": "managed",
      "type": "hcloud_server",
      "name": "worker-nodes",
      "provider": "provider[\"registry.terraform.io/hetznercloud/hcloud\"]",
      "instances": [
        {
          "index_key": 0,
          "schema_version": 0,
          "attributes": {
            "allow_deprecated_images": false,
            "backup_window": "",
            "backups": false,
            "datacenter": "fsn1-dc14",
            "delete_protection": false,
            "firewall_ids": [],
            "id": "48683388",
            "ignore_remote_firewall_ids": false,
            "image": "ubuntu-24.04",
            "ipv4_address": "49.13.11.126",
            "ipv6_address": "2a01:4f8:c010:96a2::1",
            "ipv6_network": "2a01:4f8:c010:96a2::/64",
            "iso": null,
            "keep_disk": false,
            "labels": {},
            "location": "fsn1",
            "name": "worker-node-0",
            "network": [
              {
                "alias_ips": [],
                "ip": "10.0.1.2",
                "mac_address": "86:00:00:90:43:e5",
                "network_id": 4326116
              }
            ],
            "placement_group_id": 0,
            "primary_disk_size": 20,
            "public_net": [
              {
                "ipv4": 0,
                "ipv4_enabled": true,
                "ipv6": 0,
                "ipv6_enabled": true
              }
            ],
            "rebuild_protection": false,
            "rescue": null,
            "server_type": "cx11",
            "shutdown_before_deletion": false,
            "ssh_keys": null,
            "status": "running",
            "timeouts": null,
            "user_data": "qRVk+yhTEmWlORZkdzm4TrqPL2c="
          },
          "sensitive_attributes": [],
          "private": "eyJlMmJmYjczMC1lY2FhLTExZTYtOGY4OC0zNDM2M2JjN2M0YzAiOnsiY3JlYXRlIjo1NDAwMDAwMDAwMDAwfX0=",
          "dependencies": [
            "hcloud_network.private_network",
            "hcloud_network_subnet.private_network_subnet",
            "hcloud_server.master-node"
          ]
        },
        {
          "index_key": 1,
          "schema_version": 0,
          "attributes": {
            "allow_deprecated_images": false,
            "backup_window": "",
            "backups": false,
            "datacenter": "fsn1-dc14",
            "delete_protection": false,
            "firewall_ids": [],
            "id": "48683387",
            "ignore_remote_firewall_ids": false,
            "image": "ubuntu-24.04",
            "ipv4_address": "167.235.199.169",
            "ipv6_address": "2a01:4f8:1c17:6bdb::1",
            "ipv6_network": "2a01:4f8:1c17:6bdb::/64",
            "iso": null,
            "keep_disk": false,
            "labels": {},
            "location": "fsn1",
            "name": "worker-node-1",
            "network": [
              {
                "alias_ips": [],
                "ip": "10.0.1.3",
                "mac_address": "86:00:00:90:43:e3",
                "network_id": 4326116
              }
            ],
            "placement_group_id": 0,
            "primary_disk_size": 20,
            "public_net": [
              {
                "ipv4": 0,
                "ipv4_enabled": true,
                "ipv6": 0,
                "ipv6_enabled": true
              }
            ],
            "rebuild_protection": false,
            "rescue": null,
            "server_type": "cx11",
            "shutdown_before_deletion": false,
            "ssh_keys": null,
            "status": "running",
            "timeouts": null,
            "user_data": "qRVk+yhTEmWlORZkdzm4TrqPL2c="
          },
          "sensitive_attributes": [],
          "private": "eyJlMmJmYjczMC1lY2FhLTExZTYtOGY4OC0zNDM2M2JjN2M0YzAiOnsiY3JlYXRlIjo1NDAwMDAwMDAwMDAwfX0=",
          "dependencies": [
            "hcloud_network.private_network",
            "hcloud_network_subnet.private_network_subnet",
            "hcloud_server.master-node"
          ]
        }
      ]
    },
    {
      "mode": "managed",
      "type": "hetznerdns_record",
      "name": "hetzner-cluster_alexanderbenisch_de",
      "provider": "provider[\"registry.terraform.io/timohirt/hetznerdns\"]",
      "instances": [
        {
          "schema_version": 0,
          "attributes": {
            "id": "0c8bdac0c5c78f5b5dda5e246c1feacc",
            "name": "hetzner-cluster",
            "ttl": 0,
            "type": "A",
            "value": "116.202.23.234",
            "zone_id": "3KM4hX6xhsFBiT2g7KmPtR"
          },
          "sensitive_attributes": [],
          "private": "bnVsbA==",
          "dependencies": [
            "hcloud_network.private_network",
            "hcloud_network_subnet.private_network_subnet",
            "hcloud_server.master-node",
            "hetznerdns_zone.alexanderbenisch_de"
          ]
        }
      ]
    },
    {
      "mode": "managed",
      "type": "hetznerdns_zone",
      "name": "alexanderbenisch_de",
      "provider": "provider[\"registry.terraform.io/timohirt/hetznerdns\"]",
      "instances": [
        {
          "schema_version": 0,
          "attributes": {
            "id": "3KM4hX6xhsFBiT2g7KmPtR",
            "name": "alexanderbenisch.de",
            "ttl": 60
          },
          "sensitive_attributes": [],
          "private": "bnVsbA=="
        }
      ]
    }
  ],
  "check_results": null
}
